
Microsoft Visual Studio Solution File, Format Version 12.00
# Visual Studio 15
VisualStudioVersion = 15.0.28307.168
MinimumVisualStudioVersion = 10.0.40219.1
Project("{FAE04EC0-301F-11D3-BF4B-00C04F79EFBC}") = "Helix_Basic", "TelevisionInvoiceOCR\Helix_Basic.csproj", "{EAAC672B-55A6-48A1-B1B7-62A4F66D08E1}"
EndProject
Project("{FAE04EC0-301F-11D3-BF4B-00C04F79EFBC}") = "Helix_Basics_CLI", "Helix_Basics_CLI\Helix_Basics_CLI.csproj", "{AAA3690C-5E96-4000-9BA7-03977C79C4C6}"
EndProject
Project("{54435603-DBB4-11D2-8724-00A0C9A8B90C}") = "ABT_Helix_Basic", "ABT_Helix_Basic\ABT_Helix_Basic.vdproj", "{900DD087-6A51-473B-91B0-B64AB8F191C7}"
EndProject
Project("{FAE04EC0-301F-11D3-BF4B-00C04F79EFBC}") = "CLI_Wrapper", "CLI_Wrapper\CLI_Wrapper.csproj", "{72E9E74E-FFBE-4604-94D1-77F5C3D630BB}"
EndProject
Global
	GlobalSection(SolutionConfigurationPlatforms) = preSolution
		Debug|Any CPU = Debug|Any CPU
		Release|Any CPU = Release|Any CPU
	EndGlobalSection
	GlobalSection(ProjectConfigurationPlatforms) = postSolution
		{EAAC672B-55A6-48A1-B1B7-62A4F66D08E1}.Debug|Any CPU.ActiveCfg = Debug|Any CPU
		{EAAC672B-55A6-48A1-B1B7-62A4F66D08E1}.Debug|Any CPU.Build.0 = Debug|Any CPU
		{EAAC672B-55A6-48A1-B1B7-62A4F66D08E1}.Release|Any CPU.ActiveCfg = Release|Any CPU
		{EAAC672B-55A6-48A1-B1B7-62A4F66D08E1}.Release|Any CPU.Build.0 = Release|Any CPU
		{AAA3690C-5E96-4000-9BA7-03977C79C4C6}.Debug|Any CPU.ActiveCfg = Debug|Any CPU
		{AAA3690C-5E96-4000-9BA7-03977C79C4C6}.Debug|Any CPU.Build.0 = Debug|Any CPU
		{AAA3690C-5E96-4000-9BA7-03977C79C4C6}.Release|Any CPU.ActiveCfg = Release|Any CPU
		{AAA3690C-5E96-4000-9BA7-03977C79C4C6}.Release|Any CPU.Build.0 = Release|Any CPU
		{900DD087-6A51-473B-91B0-B64AB8F191C7}.Debug|Any CPU.ActiveCfg = Debug
		{900DD087-6A51-473B-91B0-B64AB8F191C7}.Release|Any CPU.ActiveCfg = Release
		{72E9E74E-FFBE-4604-94D1-77F5C3D630BB}.Debug|Any CPU.ActiveCfg = Debug|Any CPU
		{72E9E74E-FFBE-4604-94D1-77F5C3D630BB}.Debug|Any CPU.Build.0 = Debug|Any CPU
		{72E9E74E-FFBE-4604-94D1-77F5C3D630BB}.Release|Any CPU.ActiveCfg = Release|Any CPU
		{72E9E74E-FFBE-4604-94D1-77F5C3D630BB}.Release|Any CPU.Build.0 = Release|Any CPU
	EndGlobalSection
	GlobalSection(SolutionProperties) = preSolution
		HideSolutionNode = FALSE
	EndGlobalSection
	GlobalSection(ExtensibilityGlobals) = postSolution
		SolutionGuid = {EDAC0485-C81D-4751-A5AD-E7D314A8B5C0}
	EndGlobalSection
EndGlobal
